lockfileVersion: '9.0'

settings:
  autoInstallPeers: true
  excludeLinksFromLockfile: false

importers:

  .:
    devDependencies:
      '@types/node':
        specifier: ^22.0.0
        version: 22.20.1
      turbo:
        specifier: ^2.3.0
        version: 2.10.12
      typescript:
        specifier: ^5.6.0
        version: 5.9.3

  packages/ai:
    dependencies:
      '@seamless/layout':
        specifier: workspace:*
        version: link:../layout
      '@seamless/ui':
        specifier: workspace:*
        version: link:../ui
    devDependencies:
      '@types/react':
        specifier: ^19
        version: 19.2.18
      react:
        specifier: ^19.2.4
        version: 19.2.8
      typescript:
        specifier: ^5.6.0
        version: 5.9.3

  packages/blocks:
    dependencies:
      '@seamless/layout':
        specifier: workspace:*
        version: link:../layout
      '@seamless/saas':
        specifier: workspace:*
        version: link:../saas
      '@seamless/ui':
        specifier: workspace:*
        version: link:../ui
    devDependencies:
      '@types/react':
        specifier: ^19
        version: 19.2.18
      react:
        specifier: ^19.2.4
        version: 19.2.8
      typescript:
        specifier: ^5.6.0
        version: 5.9.3

  packages/layout:
    dependencies:
      '@seamless/tokens':
        specifier: workspace:*
        version: link:../tokens
      class-variance-authority:
        specifier: ^0.7.0
        version: 0.7.1
      clsx:
        specifier: ^2.0.0
        version: 2.1.1
      tailwind-merge:
        specifier: ^2.0.0
        version: 2.6.1
    devDependencies:
      '@types/react':
        specifier: ^19
        version: 19.2.18
      '@types/react-dom':
        specifier: ^19
        version: 19.2.7(@types/react@19.2.18)
      react:
        specifier: ^19.2.4
        version: 19.2.8
      react-dom:
        specifier: ^19.2.4
        version: 19.2.8(react@19.2.8)
      typescript:
        specifier: ^5.6.0
        version: 5.9.3

  packages/registry:
    dependencies:
      '@seamless/ai':
        specifier: workspace:*
        version: link:../ai
      '@seamless/blocks':
        specifier: workspace:*
        version: link:../blocks
      '@seamless/layout':
        specifier: workspace:*
        version: link:../layout
      '@seamless/saas':
        specifier: workspace:*
        version: link:../saas
      '@seamless/themes':
        specifier: workspace:*
        version: link:../themes
      '@seamless/ui':
        specifier: workspace:*
        version: link:../ui
    devDependencies:
      typescript:
        specifier: ^5.6.0
        version: 5.9.3

  packages/saas:
    dependencies:
      '@seamless/layout':
        specifier: workspace:*
        version: link:../layout
      '@seamless/ui':
        specifier: workspace:*
        version: link:../ui
    devDependencies:
      '@types/react':
        specifier: ^19
        version: 19.2.18
      react:
        specifier: ^19.2.4
        version: 19.2.8
      typescript:
        specifier: ^5.6.0
        version: 5.9.3

  packages/themes:
    dependencies:
      '@seamless/tokens':
        specifier: workspace:*
        version: link:../tokens
    devDependencies:
      typescript:
        specifier: ^5.6.0
        version: 5.9.3

  packages/tokens:
    devDependencies:
      typescript:
        specifier: ^5.6.0
        version: 5.9.3

  packages/ui:
    dependencies:
      '@radix-ui/react-checkbox':
        specifier: ^1.0.4
        version: 1.3.11(@types/react-dom@19.2.7(@types/react@19.2.18))(@types/react@19.2.18)(react-dom@19.2.8(react@19.2.8))(react@19.2.8)
      '@radix-ui/react-dialog':
        specifier: ^1.0.5
        version: 1.1.23(@types/react-dom@19.2.7(@types/react@19.2.18))(@types/react@19.2.18)(react-dom@19.2.8(react@19.2.8))(react@19.2.8)
      '@radix-ui/react-select':
        specifier: ^2.0.0
        version: 2.3.7(@types/react-dom@19.2.7(@types/react@19.2.18))(@types/react@19.2.18)(react-dom@19.2.8(react@19.2.8))(react@19.2.8)
      '@radix-ui/react-slot':
        specifier: ^1.0.2
        version: 1.3.3(@types/react@19.2.18)(react@19.2.8)
      '@radix-ui/react-tabs':
        specifier: ^1.0.4
        version: 1.1.21(@types/react-dom@19.2.7(@types/react@19.2.18))(@types/react@19.2.18)(react-dom@19.2.8(react@19.2.8))(react@19.2.8)
      '@seamless/tokens':
        specifier: workspace:*
        version: link:../tokens
      class-variance-authority:
        specifier: ^0.7.0
        version: 0.7.1
      clsx:
        specifier: ^2.0.0
        version: 2.1.1
      lucide-react:
        specifier: ^0.445.0
        version: 0.445.0(react@19.2.8)
      tailwind-merge:
        specifier: ^2.0.0
        version: 2.6.1
    devDependencies:
      '@types/react':
        specifier: ^19
        version: 19.2.18
      '@types/react-dom':
        specifier: ^19
        version: 19.2.7(@types/react@19.2.18)
      react:
        specifier: ^19.2.4
        version: 19.2.8
      react-dom:
        specifier: ^19.2.4
        version: 19.2.8(react@19.2.8)
      typescript:
        specifier: ^5.6.0
        version: 5.9.3

packages:

  '@floating-ui/core@1.8.0':
    resolution: {integrity: sha512-0CIZ5itps/8x7BG8dEIhs53BvCUH2PCoogtakwRTut+Arm58sJooJ0AuZhLw2HJYIR5cMLNPBSS728sPho2khQ==}

  '@floating-ui/dom@1.8.0':
    resolution: {integrity: sha512-yXSrzeHZBTZadLOlfyhCkJHNeLJnHRnRInwdZ40L7ZiaAtrBwoYlsDrX3v5zB1Utk7CLfzcOVnVVWoXEky7Ceg==}

  '@floating-ui/react-dom@2.1.9':
    resolution: {integrity: sha512-JDjEFGCpImxDCA7JJKviA0M9+RtmJdj0m/NVU5IMgBK+AmZouAQQ7/+2GLH0GXXY0YMw9oXPB8hKdbPYg5QLYg==}
    peerDependencies:
      react: '>=16.8.0'
      react-dom: '>=16.8.0'

  '@floating-ui/utils@0.2.12':
    resolution: {integrity: sha512-HpCo8tmWzLVad5s2d19EhAz5zqrrQ6s69qd6moPMQvkOuSwDT1YgRfWSVuc4ennqrgv3OHppiOGMQ7oC13yIww==}

  '@radix-ui/number@1.1.3':
    resolution: {integrity: sha512-Road2bidD0uu/1BGDOWNdPI06g0lIRy6IF9GZcIrDK2KGItfor8IQwQa+yM2ERgHM1MmHxaxpTzk0/Jp42lNfA==}

  '@radix-ui/primitive@1.1.7':
    resolution: {integrity: sha512-rqWnm76nYT8HoNNqEjpgJ7Pw/DrBj5iBTrmEPo6HTX5+VJyBNOqTdv4g89G63HuR5g0AaENoAcH7Is5fF2kZ8Q==}

  '@radix-ui/react-arrow@1.1.15':
    resolution: {integrity: sha512-v4zggRcjadnI+ClKDuijlQEW4tw3NoaeHc/PwpKnLoLLKNUG4InLegkstooLcRIUWCs+8L22dGURCVuFfOKfnA==}
    peerDependencies:
      '@types/react': '*'
      '@types/react-dom': '*'
      react: ^16.8 || ^17.0 || ^18.0 || ^19.0 || ^19.0.0-rc
      react-dom: ^16.8 || ^17.0 || ^18.0 || ^19.0 || ^19.0.0-rc
    peerDependenciesMeta:
      '@types/react':
        optional: true
      '@types/react-dom':
        optional: true

  '@radix-ui/react-checkbox@1.3.11':
    resolution: {integrity: sha512-Gnptr9pDDQxD3hgq2dtPbtrp/c2qH1mBwIzw3X/ivrMb2e1t0jMTi606fVEqFPaQR1ggXIVQWKj3P2WW9v7zGQ==}
    peerDependencies:
      '@types/react': '*'
      '@types/react-dom': '*'
      react: ^16.8 || ^17.0 || ^18.0 || ^19.0 || ^19.0.0-rc
      react-dom: ^16.8 || ^17.0 || ^18.0 || ^19.0 || ^19.0.0-rc
    peerDependenciesMeta:
      '@types/react':
        optional: true
      '@types/react-dom':
        optional: true

  '@radix-ui/react-collection@1.1.15':
    resolution: {integrity: sha512-9W+B9NPF0NaaPh/1NJd3+KqsnlLqU9H7T2rvww+fp+T/evVXdNAyYcnfRQZFOjkR1ajQp3yORlqnI8soawLvNA==}
    peerDependencies:
      '@types/react': '*'
      '@types/react-dom': '*'
      react: ^16.8 || ^17.0 || ^18.0 || ^19.0 || ^19.0.0-rc
      react-dom: ^16.8 || ^17.0 || ^18.0 || ^19.0 || ^19.0.0-rc
    peerDependenciesMeta:
      '@types/react':
        optional: true
      '@types/react-dom':
        optional: true

  '@radix-ui/react-compose-refs@1.1.5':
    resolution: {integrity: sha512-+48PbAAbq3didjJxa+OaWY2ZwgAKsNiRGyeHKszblZMQ+kcpd9pAaT11cMkGEie0vsOi3QdeTE6d5Fe3Gn61kA==}
    peerDependencies:
      '@types/react': '*'
      react: ^16.8 || ^17.0 || ^18.0 || ^19.0 || ^19.0.0-rc
    peerDependenciesMeta:
      '@types/react':
        optional: true

  '@radix-ui/react-context@1.2.2':
    resolution: {integrity: sha512-RHCUGwKHDr0hDGg4X7ma4JG4/+12qxw8rkh5QKdDldlCvtja6nUx1Ef/8HVrJze81lEsgLQlqjzjGNHantgnQA==}
    peerDependencies:
      '@types/react': '*'
      react: ^16.8 || ^17.0 || ^18.0 || ^19.0 || ^19.0.0-rc
    peerDependenciesMeta:
      '@types/react':
        optional: true

  '@radix-ui/react-dialog@1.1.23':
    resolution: {integrity: sha512-Ksw4WeROkO4rC9k/onilX/Ao2Cr1ku1unMNH+XSCcP4jSXYu7HDsg9n4ojMjVb22XpYjAQ9qfrFlVbru1vXDUA==}
    peerDependencies:
      '@types/react': '*'
      '@types/react-dom': '*'
      react: ^16.8 || ^17.0 || ^18.0 || ^19.0 || ^19.0.0-rc
      react-dom: ^16.8 || ^17.0 || ^18.0 || ^19.0 || ^19.0.0-rc
    peerDependenciesMeta:
      '@types/react':
        optional: true
      '@types/react-dom':
        optional: true

  '@radix-ui/react-direction@1.1.4':
    resolution: {integrity: sha512-5pzg4FGQNpExhnhT2zlrP1wZFaYCd1K0nYWoFAdcYoYK868IEigqMX3B3f8yIoRlAhAeDWciLI6ZdCKHF9P4Vg==}
    peerDependencies:
      '@types/react': '*'
      react: ^16.8 || ^17.0 || ^18.0 || ^19.0 || ^19.0.0-rc
    peerDependenciesMeta:
      '@types/react':
        optional: true

  '@radix-ui/react-dismissable-layer@1.1.19':
    resolution: {integrity: sha512-8g4pfOL9HoKKLWGiypT+dphVqjFfmcXO5GBnhsG6zI+lxAx/8feQpr+1LSN8Re3hiZ+XkLNS4O9ztK11/LzQ6w==}
    peerDependencies:
      '@types/react': '*'
      '@types/react-dom': '*'
      react: ^16.8 || ^17.0 || ^18.0 || ^19.0 || ^19.0.0-rc
      react-dom: ^16.8 || ^17.0 || ^18.0 || ^19.0 || ^19.0.0-rc
    peerDependenciesMeta:
      '@types/react':
        optional: true
      '@types/react-dom':
        optional: true

  '@radix-ui/react-focus-guards@1.1.6':
    resolution: {integrity: sha512-RNOJjfZMTyBM6xYmV3IVGXkPjIhcBAuv48POevAXwrGJhkWZ9p1rFoIS1JFooPuT193AZmRsCPhpoVJxx6OPoQ==}
    peerDependencies:
      '@types/react': '*'
      react: ^16.8 || ^17.0 || ^18.0 || ^19.0 || ^19.0.0-rc
    peerDependenciesMeta:
      '@types/react':
        optional: true

  '@radix-ui/react-focus-scope@1.1.16':
    resolution: {integrity: sha512-wmRZ2WWLvmt6KHy2rNPOdPUjwq5xOHY02+m+udwJTn0aNIox/rkskAvJTyTLGhPK6KgrUjlJUJpgmx/+wFiFIQ==}
    peerDependencies:
      '@types/react': '*'
      '@types/react-dom': '*'
      react: ^16.8 || ^17.0 || ^18.0 || ^19.0 || ^19.0.0-rc
      react-dom: ^16.8 || ^17.0 || ^18.0 || ^19.0 || ^19.0.0-rc
    peerDependenciesMeta:
      '@types/react':
        optional: true
      '@types/react-dom':
        optional: true

  '@radix-ui/react-id@1.1.4':
    resolution: {integrity: sha512-TMQp2llA+RYn7JcjnrMnz7wN4pcVttPZnRZo52PLQsoLVKzNlVwUeHmfePgTgRluXFvlD3GD5g5MOVVTJCO0qA==}
    peerDependencies:
      '@types/react': '*'
      react: ^16.8 || ^17.0 || ^18.0 || ^19.0 || ^19.0.0-rc
    peerDependenciesMeta:
      '@types/react':
        optional: true

  '@radix-ui/react-popper@1.3.7':
    resolution: {integrity: sha512-UsJrrd7w4wuKKTdvd/DNERVlwSlUcyXzjhyDwBk+3aPOsCjOY6ZSbxuw8E6lZTjjfP8Cpd0J8VVkrYUWyGYXyg==}
    peerDependencies:
      '@types/react': '*'
      '@types/react-dom': '*'
      react: ^16.8 || ^17.0 || ^18.0 || ^19.0 || ^19.0.0-rc
      react-dom: ^16.8 || ^17.0 || ^18.0 || ^19.0 || ^19.0.0-rc
    peerDependenciesMeta:
      '@types/react':
        optional: true
      '@types/react-dom':
        optional: true

  '@radix-ui/react-portal@1.1.17':
    resolution: {integrity: sha512-vKQLcWypUnwZVvfV7UkGahH2g6ySe8M8R+zYBwPrv5byZ9QAW6cQVvNKo7GgmD+p8aYb6D9JBuvy8/WhOno2wQ==}
    peerDependencies:
      '@types/react': '*'
      '@types/react-dom': '*'
      react: ^16.8 || ^17.0 || ^18.0 || ^19.0 || ^19.0.0-rc
      react-dom: ^16.8 || ^17.0 || ^18.0 || ^19.0 || ^19.0.0-rc
    peerDependenciesMeta:
      '@types/react':
        optional: true
      '@types/react-dom':
        optional: true

  '@radix-ui/react-presence@1.1.10':
    resolution: {integrity: sha512-3wyzCQ6+ubRA+D4uv9m95JYLXxmOHp05qjrkjeA7uKHHtjpPggQzc6DAb0URl7j67oR0K2foO4ip27TiX037Bw==}
    peerDependencies:
      '@types/react': '*'
      '@types/react-dom': '*'
      react: ^16.8 || ^17.0 || ^18.0 || ^19.0 || ^19.0.0-rc
      react-dom: ^16.8 || ^17.0 || ^18.0 || ^19.0 || ^19.0.0-rc
    peerDependenciesMeta:
      '@types/react':
        optional: true
      '@types/react-dom':
        optional: true

  '@radix-ui/react-primitive@2.1.10':
    resolution: {integrity: sha512-MucOnzh6hR5mid6VpkbglRAMYMjKLqRnGBbjXkzjK52fuQDd1qbkx78a5P40mkcnVXJdEVxm26E9OPAiUq7nBg==}
    peerDependencies:
      '@types/react': '*'
      '@types/react-dom': '*'
      react: ^16.8 || ^17.0 || ^18.0 || ^19.0 || ^19.0.0-rc
      react-dom: ^16.8 || ^17.0 || ^18.0 || ^19.0 || ^19.0.0-rc
    peerDependenciesMeta:
      '@types/react':
        optional: true
      '@types/react-dom':
        optional: true

  '@radix-ui/react-roving-focus@1.1.19':
    resolution: {integrity: sha512-V9jI6hDjT7l3jsCQD9bLNvDLM3tH/gdbOTp7Tefp3hbbgCGQoK7tUvrWiRlcoBHIZ809ElXwNQwVo0B98LuTXQ==}
    peerDependencies:
      '@types/react': '*'
      '@types/react-dom': '*'
      react: ^16.8 || ^17.0 || ^18.0 || ^19.0 || ^19.0.0-rc
      react-dom: ^16.8 || ^17.0 || ^18.0 || ^19.0 || ^19.0.0-rc
    peerDependenciesMeta:
      '@types/react':
        optional: true
      '@types/react-dom':
        optional: true

  '@radix-ui/react-select@2.3.7':
    resolution: {integrity: sha512-WFGImkmbzcfxeIwq/+4HvRN0pizBwbwQUED4I13ezQsDdfl38ZntN6TmR8XaSzPBqoCToe8rF75j6NPNDSzhbg==}
    peerDependencies:
      '@types/react': '*'
      '@types/react-dom': '*'
      react: ^16.8 || ^17.0 || ^18.0 || ^19.0 || ^19.0.0-rc
      react-dom: ^16.8 || ^17.0 || ^18.0 || ^19.0 || ^19.0.0-rc
    peerDependenciesMeta:
      '@types/react':
        optional: true
      '@types/react-dom':
        optional: true

  '@radix-ui/react-slot@1.3.3':
    resolution: {integrity: sha512-qx7oqnYbxnK9kYI9m317qmFmEgo6ywqWvbTogdj7cL9p3/yx4M48p7Rnw5z3H890cL/ow/EeWJsuTykeZVXP5Q==}
    peerDependencies:
      '@types/react': '*'
      react: ^16.8 || ^17.0 || ^18.0 || ^19.0 || ^19.0.0-rc
    peerDependenciesMeta:
      '@types/react':
        optional: true

  '@radix-ui/react-tabs@1.1.21':
    resolution: {integrity: sha512-UKxJlZid7FVtsk/WTxj4i4uSEgj2Au+KBbS7SQyTlzMhhn+86Cz3tISZdTa87bfEfcuvZezf2ZsxD4xuEKtkog==}
    peerDependencies:
      '@types/react': '*'
      '@types/react-dom': '*'
      react: ^16.8 || ^17.0 || ^18.0 || ^19.0 || ^19.0.0-rc
      react-dom: ^16.8 || ^17.0 || ^18.0 || ^19.0 || ^19.0.0-rc
    peerDependenciesMeta:
      '@types/react':
        optional: true
      '@types/react-dom':
        optional: true

  '@radix-ui/react-use-callback-ref@1.1.4':
    resolution: {integrity: sha512-R6OUY2e2fA6Yn6s+VSx5KBV6Nx8LQEhu+cz7LCej18rQ1HLyg9PSC9jP/ZNx0o6FAIK9c0F1kHylzSxKsdlkrQ==}
    peerDependencies:
      '@types/react': '*'
      react: ^16.8 || ^17.0 || ^18.0 || ^19.0 || ^19.0.0-rc
    peerDependenciesMeta:
      '@types/react':
        optional: true

  '@radix-ui/react-use-controllable-state@1.2.6':
    resolution: {integrity: sha512-uEQJGT97ZA/TgP/Hydw47lHu+/vQj6z/0jA+WeTbK1o9Rx45GImjpD0tc3W5ad3D6XTSR6e1yEO0FvGq6WQfVQ==}
    peerDependencies:
      '@types/react': '*'
      react: ^16.8 || ^17.0 || ^18.0 || ^19.0 || ^19.0.0-rc
    peerDependenciesMeta:
      '@types/react':
        optional: true

  '@radix-ui/react-use-effect-event@0.0.5':
    resolution: {integrity: sha512-7cshFL8HGS/7HEiHH+9kL9HBwp2sa9yX18Knwek6KYWmXwM7pegMgta2AXMQKI+rq3JnfSj9x8wYqFMTdG1Jgg==}
    peerDependencies:
      '@types/react': '*'
      react: ^16.8 || ^17.0 || ^18.0 || ^19.0 || ^19.0.0-rc
    peerDependenciesMeta:
      '@types/react':
        optional: true

  '@radix-ui/react-use-is-hydrated@0.1.3':
    resolution: {integrity: sha512-umO/aJ+82CpOnhDZUTbILCQf7kU/g0iv+oGs/Q8jw7IkhWBzaEP4sA268PhFAJTFetbwp3ICc6ktpI4TqtxcIw==}
    peerDependencies:
      '@types/react': '*'
      react: ^16.8 || ^17.0 || ^18.0 || ^19.0 || ^19.0.0-rc
    peerDependenciesMeta:
      '@types/react':
        optional: true

  '@radix-ui/react-use-layout-effect@1.1.4':
    resolution: {integrity: sha512-K20DkRkUwDnxEYMBPcg3Y6voLkEy5p5QQmszZgLngKKiC7dzBR/aEuK3w1qlx2JWDUNH6FluahYdgR3BP+QbYw==}
    peerDependencies:
      '@types/react': '*'
      react: ^16.8 || ^17.0 || ^18.0 || ^19.0 || ^19.0.0-rc
    peerDependenciesMeta:
      '@types/react':
        optional: true

  '@radix-ui/react-use-previous@1.1.4':
    resolution: {integrity: sha512-XoSLhbRbqxFtgJoi2fNHA3C6pDlY34x508vUpUGoFZfvePfHXHbE1lC4FYFMnJWgiCRroSTw6fOsXQoVS9RwZg==}
    peerDependencies:
      '@types/react': '*'
      react: ^16.8 || ^17.0 || ^18.0 || ^19.0 || ^19.0.0-rc
    peerDependenciesMeta:
      '@types/react':
        optional: true

  '@radix-ui/react-use-rect@1.1.4':
    resolution: {integrity: sha512-cSOCh6JlkmfjLyNcLiu2nB4v+nm+dkZ+Q5KHWk/soo4U7ZLiEQFKHK9/YmtBHjfCEaU43IBKQOc4/uJmCaiCTQ==}
    peerDependencies:
      '@types/react': '*'
      react: ^16.8 || ^17.0 || ^18.0 || ^19.0 || ^19.0.0-rc
    peerDependenciesMeta:
      '@types/react':
        optional: true

  '@radix-ui/react-use-size@1.1.4':
    resolution: {integrity: sha512-D3anSY15EJoxrihpsXI6SMrmmonnQtR2ni7arO+Lfdg3O95b9hNXxONk8jA5C8ANdF/h5HMAxejgs8PWJ6rlhw==}
    peerDependencies:
      '@types/react': '*'
      react: ^16.8 || ^17.0 || ^18.0 || ^19.0 || ^19.0.0-rc
    peerDependenciesMeta:
      '@types/react':
        optional: true

  '@radix-ui/react-visually-hidden@1.2.11':
    resolution: {integrity: sha512-NFS86RYYZb4/exihaESBGOpMJFz8MGLAfu3mOBSGByVnVPC9JPASfYubxd/8KbkQK0sYAv8lVQDEQukDX/qXvQ==}
    peerDependencies:
      '@types/react': '*'
      '@types/react-dom': '*'
      react: ^16.8 || ^17.0 || ^18.0 || ^19.0 || ^19.0.0-rc
      react-dom: ^16.8 || ^17.0 || ^18.0 || ^19.0 || ^19.0.0-rc
    peerDependenciesMeta:
      '@types/react':
        optional: true
      '@types/react-dom':
        optional: true

  '@radix-ui/rect@1.1.3':
    resolution: {integrity: sha512-JtyZR+mqgBibTo8xea3B6ZRmzZiM/YeVBtUkas6zMuXjAlfIFIW2FgqeM9eLyvEaYX66vr6DJMK+4U6LV0KhNw==}

  '@turbo/darwin-64@2.10.12':
    resolution: {integrity: sha512-9nKgKoF6ZOUsM+or0OtNf+TTJSfGvDNP7ZFv/ZGWVwOSCkumyctQiTeHwB4UNljHTnC41AqylgbunLDHoccNrA==}
    cpu: [x64]
    os: [darwin]

  '@turbo/darwin-arm64@2.10.12':
    resolution: {integrity: sha512-H4Elb1jqTZVeIC9bbcNwjSzemZ6RegoTOVHeuV5Osirt2Z8UguTyisMEkvZjPVZgMeN9J4ERZBFad40tFnkb7w==}
    cpu: [arm64]
    os: [darwin]

  '@turbo/linux-64@2.10.12':
    resolution: {integrity: sha512-lr7KIotukvjZwEXiFSYAeOH3BWzjFVBbSzTbv0fuGFsNukYyH0+g1hB5ecqnJkgkYU+KHEMG1edOhnjiKON1wQ==}
    cpu: [x64]
    os: [android, linux]

  '@turbo/linux-arm64@2.10.12':
    resolution: {integrity: sha512-f0pZDTtvzB5SuNwuXBaKbZHUCMCukgc8nMlHEuvLmj91Fzec+MEbr3cAvGNor5htEDqZnO6Lxt9N/GPI/77oGA==}
    cpu: [arm64]
    os: [android, linux]

  '@turbo/windows-64@2.10.12':
    resolution: {integrity: sha512-SDOueJRjS/QcykWf2KCRtTLmIl5YMKsLbXkXQGhDwcTXvKXZiS5ih5lBl/gkwZIpYFjqA/rAlfMzlAFcVHNe0g==}
    cpu: [x64]
    os: [win32]

  '@turbo/windows-arm64@2.10.12':
    resolution: {integrity: sha512-0i0mVUa4kKk+/B3RwEwPMf9CB+T7ul56hn5FFHNA4VUNTOoLBEd6aNf3FaKfCatDNZ6cicCEf6if9QUTVyzzcA==}
    cpu: [arm64]
    os: [win32]

  '@types/node@22.20.1':
    resolution: {integrity: sha512-EANqOCF9QFyra+4pfxUcX9STKJpCLjMbObVzljIJomAWSnuSIEAvyzEU53GaajbXJEgdh0iEcPL+DGvpUd4k1Q==}

  '@types/react-dom@19.2.7':
    resolution: {integrity: sha512-I8bPpDLcHBv1qiIiXDCy71Rt8eQDKJP0sMSWJphDdAcdqiJ1sGpZamavoEIRZmYzjia9LuEb2HlYdDpmoENpvQ==}
    peerDependencies:
      '@types/react': ^19.2.0

  '@types/react@19.2.18':
    resolution: {integrity: sha512-AnzbBERsrLKtk2XSfTbYRLjQPdy116Sty4q+T+Bp3IC4l6jNBvreVPAHmpq9qhXQM7CXZPjLVmGMw9sy+hxQ3w==}

  aria-hidden@1.2.6:
    resolution: {integrity: sha512-ik3ZgC9dY/lYVVM++OISsaYDeg1tb0VtP5uL3ouh1koGOaUMDPpbFIei4JkFimWUFPn90sbMNMXQAIVOlnYKJA==}
    engines: {node: '>=10'}

  class-variance-authority@0.7.1:
    resolution: {integrity: sha512-Ka+9Trutv7G8M6WT6SeiRWz792K5qEqIGEGzXKhAE6xOWAY6pPH8U+9IY3oCMv6kqTmLsv7Xh/2w2RigkePMsg==}

  clsx@2.1.1:
    resolution: {integrity: sha512-eYm0QWBtUrBWZWG0d386OGAw16Z995PiOVo2B7bjWSbHedGl5e0ZWaq65kOGgUSNesEIDkB9ISbTg/JK9dhCZA==}
    engines: {node: '>=6'}

  csstype@3.2.3:
    resolution: {integrity: sha512-z1HGKcYy2xA8AGQfwrn0PAy+PB7X/GSj3UVJW9qKyn43xWa+gl5nXmU4qqLMRzWVLFC8KusUX8T/0kCiOYpAIQ==}

  detect-node-es@1.1.0:
    resolution: {integrity: sha512-ypdmJU/TbBby2Dxibuv7ZLW3Bs1QEmM7nHjEANfohJLvE0XVujisn1qPJcZxg+qDucsr+bP6fLD1rPS3AhJ7EQ==}

  get-nonce@1.0.1:
    resolution: {integrity: sha512-FJhYRoDaiatfEkUK8HKlicmu/3SGFD51q3itKDGoSTysQJBnfOcxU5GxnhE1E6soB76MbT0MBtnKJuXyAx+96Q==}
    engines: {node: '>=6'}

  lucide-react@0.445.0:
    resolution: {integrity: sha512-YrLf3aAHvmd4dZ8ot+mMdNFrFpJD7YRwQ2pUcBhgqbmxtrMP4xDzIorcj+8y+6kpuXBF4JB0NOCTUWIYetJjgA==}
    peerDependencies:
      react: ^16.5.1 || ^17.0.0 || ^18.0.0 || ^19.0.0-rc

  react-dom@19.2.8:
    resolution: {integrity: sha512-rVprimfGBG3DR+Tq0IQG2DT5PxKth1WIGDmj5yPmlzr4YBe7uyE+Du4oVqTDXZSHGGGXRtTJEGSSePyQCMBglQ==}
    peerDependencies:
      react: ^19.2.8

  react-remove-scroll-bar@2.3.8:
    resolution: {integrity: sha512-9r+yi9+mgU33AKcj6IbT9oRCO78WriSj6t/cF8DWBZJ9aOGPOTEDvdUDz1FwKim7QXWwmHqtdHnRJfhAxEG46Q==}
    engines: {node: '>=10'}
    peerDependencies:
      '@types/react': '*'
      react: ^16.8.0 || ^17.0.0 || ^18.0.0 || ^19.0.0
    peerDependenciesMeta:
      '@types/react':
        optional: true

  react-remove-scroll@2.7.2:
    resolution: {integrity: sha512-Iqb9NjCCTt6Hf+vOdNIZGdTiH1QSqr27H/Ek9sv/a97gfueI/5h1s3yRi1nngzMUaOOToin5dI1dXKdXiF+u0Q==}
    engines: {node: '>=10'}
    peerDependencies:
      '@types/react': '*'
      react: ^16.8.0 || ^17.0.0 || ^18.0.0 || ^19.0.0 || ^19.0.0-rc
    peerDependenciesMeta:
      '@types/react':
        optional: true

  react-style-singleton@2.2.3:
    resolution: {integrity: sha512-b6jSvxvVnyptAiLjbkWLE/lOnR4lfTtDAl+eUC7RZy+QQWc6wRzIV2CE6xBuMmDxc2qIihtDCZD5NPOFl7fRBQ==}
    engines: {node: '>=10'}
    peerDependencies:
      '@types/react': '*'
      react: ^16.8.0 || ^17.0.0 || ^18.0.0 || ^19.0.0 || ^19.0.0-rc
    peerDependenciesMeta:
      '@types/react':
        optional: true

  react@19.2.8:
    resolution: {integrity: sha512-PWaYA1L/q9u2u7xYQi+Y3L3Yfnie7XyLeaJICV1MGD6LprsBxcAqGjYyr0eY3p+QdsA+x/Irkt4Qif8D63+Sbw==}
    engines: {node: '>=0.10.0'}

  scheduler@0.27.0:
    resolution: {integrity: sha512-eNv+WrVbKu1f3vbYJT/xtiF5syA5HPIMtf9IgY/nKg0sWqzAUEvqY/xm7OcZc/qafLx/iO9FgOmeSAp4v5ti/Q==}

  tailwind-merge@2.6.1:
    resolution: {integrity: sha512-Oo6tHdpZsGpkKG88HJ8RR1rg/RdnEkQEfMoEk2x1XRI3F1AxeU+ijRXpiVUF4UbLfcxxRGw6TbUINKYdWVsQTQ==}

  tslib@2.8.1:
    resolution: {integrity: sha512-oJFu94HQb+KVduSUQL7wnpmqnfmLsOA/nAh6b6EH0wCEoK0/mPeXU6c3wKDV83MkOuHPRHtSXKKU99IBazS/2w==}

  turbo@2.10.12:
    resolution: {integrity: sha512-AswgMPnpOoaVZHrrSBejETzEbuIA69OVGwfkHwfrY0A23VjWXBANzgq9+OymWOHAIArB7D1+1z498WY8fGg1Jw==}
    hasBin: true

  typescript@5.9.3:
    resolution: {integrity: sha512-jl1vZzPDinLr9eUt3J/t7V6FgNEw9QjvBPdysz9KfQDD41fQrC2Y4vKQdiaUpFT4bXlb1RHhLpp8wtm6M5TgSw==}
    engines: {node: '>=14.17'}
    hasBin: true

  undici-types@6.21.0:
    resolution: {integrity: sha512-iwDZqg0QAGrg9Rav5H4n0M64c3mkR59cJ6wQp+7C4nI0gsmExaedaYLNO44eT4AtBBwjbTiGPMlt2Md0T9H9JQ==}

  use-callback-ref@1.3.3:
    resolution: {integrity: sha512-jQL3lRnocaFtu3V00JToYz/4QkNWswxijDaCVNZRiRTO3HQDLsdu1ZtmIUvV4yPp+rvWm5j0y0TG/S61cuijTg==}
    engines: {node: '>=10'}
    peerDependencies:
      '@types/react': '*'
      react: ^16.8.0 || ^17.0.0 || ^18.0.0 || ^19.0.0 || ^19.0.0-rc
    peerDependenciesMeta:
      '@types/react':
        optional: true

  use-sidecar@1.1.3:
    resolution: {integrity: sha512-Fedw0aZvkhynoPYlA5WXrMCAMm+nSWdZt6lzJQ7Ok8S6Q+VsHmHpRWndVRJ8Be0ZbkfPc5LRYH+5XrzXcEeLRQ==}
    engines: {node: '>=10'}
    peerDependencies:
      '@types/react': '*'
      react: ^16.8.0 || ^17.0.0 || ^18.0.0 || ^19.0.0 || ^19.0.0-rc
    peerDependenciesMeta:
      '@types/react':
        optional: true

snapshots:

  '@floating-ui/core@1.8.0':
    dependencies:
      '@floating-ui/utils': 0.2.12

  '@floating-ui/dom@1.8.0':
    dependencies:
      '@floating-ui/core': 1.8.0
      '@floating-ui/utils': 0.2.12

  '@floating-ui/react-dom@2.1.9(react-dom@19.2.8(react@19.2.8))(react@19.2.8)':
    dependencies:
      '@floating-ui/dom': 1.8.0
      react: 19.2.8
      react-dom: 19.2.8(react@19.2.8)

  '@floating-ui/utils@0.2.12': {}

  '@radix-ui/number@1.1.3': {}

  '@radix-ui/primitive@1.1.7': {}

  '@radix-ui/react-arrow@1.1.15(@types/react-dom@19.2.7(@types/react@19.2.18))(@types/react@19.2.18)(react-dom@19.2.8(react@19.2.8))(react@19.2.8)':
    dependencies:
      '@radix-ui/react-primitive': 2.1.10(@types/react-dom@19.2.7(@types/react@19.2.18))(@types/react@19.2.18)(react-dom@19.2.8(react@19.2.8))(react@19.2.8)
      react: 19.2.8
      react-dom: 19.2.8(react@19.2.8)
    optionalDependencies:
      '@types/react': 19.2.18
      '@types/react-dom': 19.2.7(@types/react@19.2.18)

  '@radix-ui/react-checkbox@1.3.11(@types/react-dom@19.2.7(@types/react@19.2.18))(@types/react@19.2.18)(react-dom@19.2.8(react@19.2.8))(react@19.2.8)':
    dependencies:
      '@radix-ui/primitive': 1.1.7
      '@radix-ui/react-compose-refs': 1.1.5(@types/react@19.2.18)(react@19.2.8)
      '@radix-ui/react-context': 1.2.2(@types/react@19.2.18)(react@19.2.8)
      '@radix-ui/react-presence': 1.1.10(@types/react-dom@19.2.7(@types/react@19.2.18))(@types/react@19.2.18)(react-dom@19.2.8(react@19.2.8))(react@19.2.8)
      '@radix-ui/react-primitive': 2.1.10(@types/react-dom@19.2.7(@types/react@19.2.18))(@types/react@19.2.18)(react-dom@19.2.8(react@19.2.8))(react@19.2.8)
      '@radix-ui/react-use-controllable-state': 1.2.6(@types/react@19.2.18)(react@19.2.8)
      '@radix-ui/react-use-size': 1.1.4(@types/react@19.2.18)(react@19.2.8)
      react: 19.2.8
      react-dom: 19.2.8(react@19.2.8)
    optionalDependencies:
      '@types/react': 19.2.18
      '@types/react-dom': 19.2.7(@types/react@19.2.18)

  '@radix-ui/react-collection@1.1.15(@types/react-dom@19.2.7(@types/react@19.2.18))(@types/react@19.2.18)(react-dom@19.2.8(react@19.2.8))(react@19.2.8)':
    dependencies:
      '@radix-ui/react-compose-refs': 1.1.5(@types/react@19.2.18)(react@19.2.8)
      '@radix-ui/react-context': 1.2.2(@types/react@19.2.18)(react@19.2.8)
      '@radix-ui/react-primitive': 2.1.10(@types/react-dom@19.2.7(@types/react@19.2.18))(@types/react@19.2.18)(react-dom@19.2.8(react@19.2.8))(react@19.2.8)
      '@radix-ui/react-slot': 1.3.3(@types/react@19.2.18)(react@19.2.8)
      react: 19.2.8
      react-dom: 19.2.8(react@19.2.8)
    optionalDependencies:
      '@types/react': 19.2.18
      '@types/react-dom': 19.2.7(@types/react@19.2.18)

  '@radix-ui/react-compose-refs@1.1.5(@types/react@19.2.18)(react@19.2.8)':
    dependencies:
      react: 19.2.8
    optionalDependencies:
      '@types/react': 19.2.18

  '@radix-ui/react-context@1.2.2(@types/react@19.2.18)(react@19.2.8)':
    dependencies:
      react: 19.2.8
    optionalDependencies:
      '@types/react': 19.2.18

  '@radix-ui/react-dialog@1.1.23(@types/react-dom@19.2.7(@types/react@19.2.18))(@types/react@19.2.18)(react-dom@19.2.8(react@19.2.8))(react@19.2.8)':
    dependencies:
      '@radix-ui/primitive': 1.1.7
      '@radix-ui/react-compose-refs': 1.1.5(@types/react@19.2.18)(react@19.2.8)
      '@radix-ui/react-context': 1.2.2(@types/react@19.2.18)(react@19.2.8)
      '@radix-ui/react-dismissable-layer': 1.1.19(@types/react-dom@19.2.7(@types/react@19.2.18))(@types/react@19.2.18)(react-dom@19.2.8(react@19.2.8))(react@19.2.8)
      '@radix-ui/react-focus-guards': 1.1.6(@types/react@19.2.18)(react@19.2.8)
      '@radix-ui/react-focus-scope': 1.1.16(@types/react-dom@19.2.7(@types/react@19.2.18))(@types/react@19.2.18)(react-dom@19.2.8(react@19.2.8))(react@19.2.8)
      '@radix-ui/react-id': 1.1.4(@types/react@19.2.18)(react@19.2.8)
      '@radix-ui/react-portal': 1.1.17(@types/react-dom@19.2.7(@types/react@19.2.18))(@types/react@19.2.18)(react-dom@19.2.8(react@19.2.8))(react@19.2.8)
      '@radix-ui/react-presence': 1.1.10(@types/react-dom@19.2.7(@types/react@19.2.18))(@types/react@19.2.18)(react-dom@19.2.8(react@19.2.8))(react@19.2.8)
      '@radix-ui/react-primitive': 2.1.10(@types/react-dom@19.2.7(@types/react@19.2.18))(@types/react@19.2.18)(react-dom@19.2.8(react@19.2.8))(react@19.2.8)
      '@radix-ui/react-slot': 1.3.3(@types/react@19.2.18)(react@19.2.8)
      '@radix-ui/react-use-controllable-state': 1.2.6(@types/react@19.2.18)(react@19.2.8)
      '@radix-ui/react-use-layout-effect': 1.1.4(@types/react@19.2.18)(react@19.2.8)
      aria-hidden: 1.2.6
      react: 19.2.8
      react-dom: 19.2.8(react@19.2.8)
      react-remove-scroll: 2.7.2(@types/react@19.2.18)(react@19.2.8)
    optionalDependencies:
      '@types/react': 19.2.18
      '@types/react-dom': 19.2.7(@types/react@19.2.18)

  '@radix-ui/react-direction@1.1.4(@types/react@19.2.18)(react@19.2.8)':
    dependencies:
      react: 19.2.8
    optionalDependencies:
      '@types/react': 19.2.18

  '@radix-ui/react-dismissable-layer@1.1.19(@types/react-dom@19.2.7(@types/react@19.2.18))(@types/react@19.2.18)(react-dom@19.2.8(react@19.2.8))(react@19.2.8)':
    dependencies:
      '@radix-ui/primitive': 1.1.7
      '@radix-ui/react-compose-refs': 1.1.5(@types/react@19.2.18)(react@19.2.8)
      '@radix-ui/react-primitive': 2.1.10(@types/react-dom@19.2.7(@types/react@19.2.18))(@types/react@19.2.18)(react-dom@19.2.8(react@19.2.8))(react@19.2.8)
      '@radix-ui/react-use-callback-ref': 1.1.4(@types/react@19.2.18)(react@19.2.8)
      '@radix-ui/react-use-effect-event': 0.0.5(@types/react@19.2.18)(react@19.2.8)
      react: 19.2.8
      react-dom: 19.2.8(react@19.2.8)
    optionalDependencies:
      '@types/react': 19.2.18
      '@types/react-dom': 19.2.7(@types/react@19.2.18)

  '@radix-ui/react-focus-guards@1.1.6(@types/react@19.2.18)(react@19.2.8)':
    dependencies:
      react: 19.2.8
    optionalDependencies:
      '@types/react': 19.2.18

  '@radix-ui/react-focus-scope@1.1.16(@types/react-dom@19.2.7(@types/react@19.2.18))(@types/react@19.2.18)(react-dom@19.2.8(react@19.2.8))(react@19.2.8)':
    dependencies:
      '@radix-ui/react-compose-refs': 1.1.5(@types/react@19.2.18)(react@19.2.8)
      '@radix-ui/react-primitive': 2.1.10(@types/react-dom@19.2.7(@types/react@19.2.18))(@types/react@19.2.18)(react-dom@19.2.8(react@19.2.8))(react@19.2.8)
      '@radix-ui/react-use-callback-ref': 1.1.4(@types/react@19.2.18)(react@19.2.8)
      react: 19.2.8
      react-dom: 19.2.8(react@19.2.8)
    optionalDependencies:
      '@types/react': 19.2.18
      '@types/react-dom': 19.2.7(@types/react@19.2.18)

  '@radix-ui/react-id@1.1.4(@types/react@19.2.18)(react@19.2.8)':
    dependencies:
      '@radix-ui/react-use-layout-effect': 1.1.4(@types/react@19.2.18)(react@19.2.8)
      react: 19.2.8
    optionalDependencies:
      '@types/react': 19.2.18

  '@radix-ui/react-popper@1.3.7(@types/react-dom@19.2.7(@types/react@19.2.18))(@types/react@19.2.18)(react-dom@19.2.8(react@19.2.8))(react@19.2.8)':
    dependencies:
      '@floating-ui/react-dom': 2.1.9(react-dom@19.2.8(react@19.2.8))(react@19.2.8)
      '@radix-ui/react-arrow': 1.1.15(@types/react-dom@19.2.7(@types/react@19.2.18))(@types/react@19.2.18)(react-dom@19.2.8(react@19.2.8))(react@19.2.8)
      '@radix-ui/react-compose-refs': 1.1.5(@types/react@19.2.18)(react@19.2.8)
      '@radix-ui/react-context': 1.2.2(@types/react@19.2.18)(react@19.2.8)
      '@radix-ui/react-primitive': 2.1.10(@types/react-dom@19.2.7(@types/react@19.2.18))(@types/react@19.2.18)(react-dom@19.2.8(react@19.2.8))(react@19.2.8)
      '@radix-ui/react-use-callback-ref': 1.1.4(@types/react@19.2.18)(react@19.2.8)
      '@radix-ui/react-use-layout-effect': 1.1.4(@types/react@19.2.18)(react@19.2.8)
      '@radix-ui/react-use-rect': 1.1.4(@types/react@19.2.18)(react@19.2.8)
      '@radix-ui/react-use-size': 1.1.4(@types/react@19.2.18)(react@19.2.8)
      '@radix-ui/rect': 1.1.3
      react: 19.2.8
      react-dom: 19.2.8(react@19.2.8)
    optionalDependencies:
      '@types/react': 19.2.18
      '@types/react-dom': 19.2.7(@types/react@19.2.18)

  '@radix-ui/react-portal@1.1.17(@types/react-dom@19.2.7(@types/react@19.2.18))(@types/react@19.2.18)(react-dom@19.2.8(react@19.2.8))(react@19.2.8)':
    dependencies:
      '@radix-ui/react-primitive': 2.1.10(@types/react-dom@19.2.7(@types/react@19.2.18))(@types/react@19.2.18)(react-dom@19.2.8(react@19.2.8))(react@19.2.8)
      '@radix-ui/react-use-layout-effect': 1.1.4(@types/react@19.2.18)(react@19.2.8)
      react: 19.2.8
      react-dom: 19.2.8(react@19.2.8)
    optionalDependencies:
      '@types/react': 19.2.18
      '@types/react-dom': 19.2.7(@types/react@19.2.18)

  '@radix-ui/react-presence@1.1.10(@types/react-dom@19.2.7(@types/react@19.2.18))(@types/react@19.2.18)(react-dom@19.2.8(react@19.2.8))(react@19.2.8)':
    dependencies:
      '@radix-ui/react-use-layout-effect': 1.1.4(@types/react@19.2.18)(react@19.2.8)
      react: 19.2.8
      react-dom: 19.2.8(react@19.2.8)
    optionalDependencies:
      '@types/react': 19.2.18
      '@types/react-dom': 19.2.7(@types/react@19.2.18)

  '@radix-ui/react-primitive@2.1.10(@types/react-dom@19.2.7(@types/react@19.2.18))(@types/react@19.2.18)(react-dom@19.2.8(react@19.2.8))(react@19.2.8)':
    dependencies:
      '@radix-ui/react-slot': 1.3.3(@types/react@19.2.18)(react@19.2.8)
      react: 19.2.8
      react-dom: 19.2.8(react@19.2.8)
    optionalDependencies:
      '@types/react': 19.2.18
      '@types/react-dom': 19.2.7(@types/react@19.2.18)

  '@radix-ui/react-roving-focus@1.1.19(@types/react-dom@19.2.7(@types/react@19.2.18))(@types/react@19.2.18)(react-dom@19.2.8(react@19.2.8))(react@19.2.8)':
    dependencies:
      '@radix-ui/primitive': 1.1.7
      '@radix-ui/react-collection': 1.1.15(@types/react-dom@19.2.7(@types/react@19.2.18))(@types/react@19.2.18)(react-dom@19.2.8(react@19.2.8))(react@19.2.8)
      '@radix-ui/react-compose-refs': 1.1.5(@types/react@19.2.18)(react@19.2.8)
      '@radix-ui/react-context': 1.2.2(@types/react@19.2.18)(react@19.2.8)
      '@radix-ui/react-direction': 1.1.4(@types/react@19.2.18)(react@19.2.8)
      '@radix-ui/react-id': 1.1.4(@types/react@19.2.18)(react@19.2.8)
      '@radix-ui/react-primitive': 2.1.10(@types/react-dom@19.2.7(@types/react@19.2.18))(@types/react@19.2.18)(react-dom@19.2.8(react@19.2.8))(react@19.2.8)
      '@radix-ui/react-use-callback-ref': 1.1.4(@types/react@19.2.18)(react@19.2.8)
      '@radix-ui/react-use-controllable-state': 1.2.6(@types/react@19.2.18)(react@19.2.8)
      '@radix-ui/react-use-is-hydrated': 0.1.3(@types/react@19.2.18)(react@19.2.8)
      '@radix-ui/react-use-layout-effect': 1.1.4(@types/react@19.2.18)(react@19.2.8)
      react: 19.2.8
      react-dom: 19.2.8(react@19.2.8)
    optionalDependencies:
      '@types/react': 19.2.18
      '@types/react-dom': 19.2.7(@types/react@19.2.18)

  '@radix-ui/react-select@2.3.7(@types/react-dom@19.2.7(@types/react@19.2.18))(@types/react@19.2.18)(react-dom@19.2.8(react@19.2.8))(react@19.2.8)':
    dependencies:
      '@radix-ui/number': 1.1.3
      '@radix-ui/primitive': 1.1.7
      '@radix-ui/react-collection': 1.1.15(@types/react-dom@19.2.7(@types/react@19.2.18))(@types/react@19.2.18)(react-dom@19.2.8(react@19.2.8))(react@19.2.8)
      '@radix-ui/react-compose-refs': 1.1.5(@types/react@19.2.18)(react@19.2.8)
      '@radix-ui/react-context': 1.2.2(@types/react@19.2.18)(react@19.2.8)
      '@radix-ui/react-direction': 1.1.4(@types/react@19.2.18)(react@19.2.8)
      '@radix-ui/react-dismissable-layer': 1.1.19(@types/react-dom@19.2.7(@types/react@19.2.18))(@types/react@19.2.18)(react-dom@19.2.8(react@19.2.8))(react@19.2.8)
      '@radix-ui/react-focus-guards': 1.1.6(@types/react@19.2.18)(react@19.2.8)
      '@radix-ui/react-focus-scope': 1.1.16(@types/react-dom@19.2.7(@types/react@19.2.18))(@types/react@19.2.18)(react-dom@19.2.8(react@19.2.8))(react@19.2.8)
      '@radix-ui/react-id': 1.1.4(@types/react@19.2.18)(react@19.2.8)
      '@radix-ui/react-popper': 1.3.7(@types/react-dom@19.2.7(@types/react@19.2.18))(@types/react@19.2.18)(react-dom@19.2.8(react@19.2.8))(react@19.2.8)
      '@radix-ui/react-portal': 1.1.17(@types/react-dom@19.2.7(@types/react@19.2.18))(@types/react@19.2.18)(react-dom@19.2.8(react@19.2.8))(react@19.2.8)
      '@radix-ui/react-presence': 1.1.10(@types/react-dom@19.2.7(@types/react@19.2.18))(@types/react@19.2.18)(react-dom@19.2.8(react@19.2.8))(react@19.2.8)
      '@radix-ui/react-primitive': 2.1.10(@types/react-dom@19.2.7(@types/react@19.2.18))(@types/react@19.2.18)(react-dom@19.2.8(react@19.2.8))(react@19.2.8)
      '@radix-ui/react-slot': 1.3.3(@types/react@19.2.18)(react@19.2.8)
      '@radix-ui/react-use-callback-ref': 1.1.4(@types/react@19.2.18)(react@19.2.8)
      '@radix-ui/react-use-controllable-state': 1.2.6(@types/react@19.2.18)(react@19.2.8)
      '@radix-ui/react-use-layout-effect': 1.1.4(@types/react@19.2.18)(react@19.2.8)
      '@radix-ui/react-use-previous': 1.1.4(@types/react@19.2.18)(react@19.2.8)
      '@radix-ui/react-visually-hidden': 1.2.11(@types/react-dom@19.2.7(@types/react@19.2.18))(@types/react@19.2.18)(react-dom@19.2.8(react@19.2.8))(react@19.2.8)
      aria-hidden: 1.2.6
      react: 19.2.8
      react-dom: 19.2.8(react@19.2.8)
      react-remove-scroll: 2.7.2(@types/react@19.2.18)(react@19.2.8)
    optionalDependencies:
      '@types/react': 19.2.18
      '@types/react-dom': 19.2.7(@types/react@19.2.18)

  '@radix-ui/react-slot@1.3.3(@types/react@19.2.18)(react@19.2.8)':
    dependencies:
      '@radix-ui/react-compose-refs': 1.1.5(@types/react@19.2.18)(react@19.2.8)
      react: 19.2.8
    optionalDependencies:
      '@types/react': 19.2.18

  '@radix-ui/react-tabs@1.1.21(@types/react-dom@19.2.7(@types/react@19.2.18))(@types/react@19.2.18)(react-dom@19.2.8(react@19.2.8))(react@19.2.8)':
    dependencies:
      '@radix-ui/primitive': 1.1.7
      '@radix-ui/react-context': 1.2.2(@types/react@19.2.18)(react@19.2.8)
      '@radix-ui/react-direction': 1.1.4(@types/react@19.2.18)(react@19.2.8)
      '@radix-ui/react-id': 1.1.4(@types/react@19.2.18)(react@19.2.8)
      '@radix-ui/react-presence': 1.1.10(@types/react-dom@19.2.7(@types/react@19.2.18))(@types/react@19.2.18)(react-dom@19.2.8(react@19.2.8))(react@19.2.8)
      '@radix-ui/react-primitive': 2.1.10(@types/react-dom@19.2.7(@types/react@19.2.18))(@types/react@19.2.18)(react-dom@19.2.8(react@19.2.8))(react@19.2.8)
      '@radix-ui/react-roving-focus': 1.1.19(@types/react-dom@19.2.7(@types/react@19.2.18))(@types/react@19.2.18)(react-dom@19.2.8(react@19.2.8))(react@19.2.8)
      '@radix-ui/react-use-controllable-state': 1.2.6(@types/react@19.2.18)(react@19.2.8)
      react: 19.2.8
      react-dom: 19.2.8(react@19.2.8)
    optionalDependencies:
      '@types/react': 19.2.18
      '@types/react-dom': 19.2.7(@types/react@19.2.18)

  '@radix-ui/react-use-callback-ref@1.1.4(@types/react@19.2.18)(react@19.2.8)':
    dependencies:
      react: 19.2.8
    optionalDependencies:
      '@types/react': 19.2.18

  '@radix-ui/react-use-controllable-state@1.2.6(@types/react@19.2.18)(react@19.2.8)':
    dependencies:
      '@radix-ui/primitive': 1.1.7
      '@radix-ui/react-use-effect-event': 0.0.5(@types/react@19.2.18)(react@19.2.8)
      '@radix-ui/react-use-layout-effect': 1.1.4(@types/react@19.2.18)(react@19.2.8)
      react: 19.2.8
    optionalDependencies:
      '@types/react': 19.2.18

  '@radix-ui/react-use-effect-event@0.0.5(@types/react@19.2.18)(react@19.2.8)':
    dependencies:
      '@radix-ui/react-use-layout-effect': 1.1.4(@types/react@19.2.18)(react@19.2.8)
      react: 19.2.8
    optionalDependencies:
      '@types/react': 19.2.18

  '@radix-ui/react-use-is-hydrated@0.1.3(@types/react@19.2.18)(react@19.2.8)':
    dependencies:
      react: 19.2.8
    optionalDependencies:
      '@types/react': 19.2.18

  '@radix-ui/react-use-layout-effect@1.1.4(@types/react@19.2.18)(react@19.2.8)':
    dependencies:
      react: 19.2.8
    optionalDependencies:
      '@types/react': 19.2.18

  '@radix-ui/react-use-previous@1.1.4(@types/react@19.2.18)(react@19.2.8)':
    dependencies:
      react: 19.2.8
    optionalDependencies:
      '@types/react': 19.2.18

  '@radix-ui/react-use-rect@1.1.4(@types/react@19.2.18)(react@19.2.8)':
    dependencies:
      '@radix-ui/rect': 1.1.3
      react: 19.2.8
    optionalDependencies:
      '@types/react': 19.2.18

  '@radix-ui/react-use-size@1.1.4(@types/react@19.2.18)(react@19.2.8)':
    dependencies:
      '@radix-ui/react-use-layout-effect': 1.1.4(@types/react@19.2.18)(react@19.2.8)
      react: 19.2.8
    optionalDependencies:
      '@types/react': 19.2.18

  '@radix-ui/react-visually-hidden@1.2.11(@types/react-dom@19.2.7(@types/react@19.2.18))(@types/react@19.2.18)(react-dom@19.2.8(react@19.2.8))(react@19.2.8)':
    dependencies:
      '@radix-ui/react-primitive': 2.1.10(@types/react-dom@19.2.7(@types/react@19.2.18))(@types/react@19.2.18)(react-dom@19.2.8(react@19.2.8))(react@19.2.8)
      react: 19.2.8
      react-dom: 19.2.8(react@19.2.8)
    optionalDependencies:
      '@types/react': 19.2.18
      '@types/react-dom': 19.2.7(@types/react@19.2.18)

  '@radix-ui/rect@1.1.3': {}

  '@turbo/darwin-64@2.10.12':
    optional: true

  '@turbo/darwin-arm64@2.10.12':
    optional: true

  '@turbo/linux-64@2.10.12':
    optional: true

  '@turbo/linux-arm64@2.10.12':
    optional: true

  '@turbo/windows-64@2.10.12':
    optional: true

  '@turbo/windows-arm64@2.10.12':
    optional: true

  '@types/node@22.20.1':
    dependencies:
      undici-types: 6.21.0

  '@types/react-dom@19.2.7(@types/react@19.2.18)':
    dependencies:
      '@types/react': 19.2.18

  '@types/react@19.2.18':
    dependencies:
      csstype: 3.2.3

  aria-hidden@1.2.6:
    dependencies:
      tslib: 2.8.1

  class-variance-authority@0.7.1:
    dependencies:
      clsx: 2.1.1

  clsx@2.1.1: {}

  csstype@3.2.3: {}

  detect-node-es@1.1.0: {}

  get-nonce@1.0.1: {}

  lucide-react@0.445.0(react@19.2.8):
    dependencies:
      react: 19.2.8

  react-dom@19.2.8(react@19.2.8):
    dependencies:
      react: 19.2.8
      scheduler: 0.27.0

  react-remove-scroll-bar@2.3.8(@types/react@19.2.18)(react@19.2.8):
    dependencies:
      react: 19.2.8
      react-style-singleton: 2.2.3(@types/react@19.2.18)(react@19.2.8)
      tslib: 2.8.1
    optionalDependencies:
      '@types/react': 19.2.18

  react-remove-scroll@2.7.2(@types/react@19.2.18)(react@19.2.8):
    dependencies:
      react: 19.2.8
      react-remove-scroll-bar: 2.3.8(@types/react@19.2.18)(react@19.2.8)
      react-style-singleton: 2.2.3(@types/react@19.2.18)(react@19.2.8)
      tslib: 2.8.1
      use-callback-ref: 1.3.3(@types/react@19.2.18)(react@19.2.8)
      use-sidecar: 1.1.3(@types/react@19.2.18)(react@19.2.8)
    optionalDependencies:
      '@types/react': 19.2.18

  react-style-singleton@2.2.3(@types/react@19.2.18)(react@19.2.8):
    dependencies:
      get-nonce: 1.0.1
      react: 19.2.8
      tslib: 2.8.1
    optionalDependencies:
      '@types/react': 19.2.18

  react@19.2.8: {}

  scheduler@0.27.0: {}

  tailwind-merge@2.6.1: {}

  tslib@2.8.1: {}

  turbo@2.10.12:
    optionalDependencies:
      '@turbo/darwin-64': 2.10.12
      '@turbo/darwin-arm64': 2.10.12
      '@turbo/linux-64': 2.10.12
      '@turbo/linux-arm64': 2.10.12
      '@turbo/windows-64': 2.10.12
      '@turbo/windows-arm64': 2.10.12

  typescript@5.9.3: {}

  undici-types@6.21.0: {}

  use-callback-ref@1.3.3(@types/react@19.2.18)(react@19.2.8):
    dependencies:
      react: 19.2.8
      tslib: 2.8.1
    optionalDependencies:
      '@types/react': 19.2.18

  use-sidecar@1.1.3(@types/react@19.2.18)(react@19.2.8):
    dependencies:
      detect-node-es: 1.1.0
      react: 19.2.8
      tslib: 2.8.1
    optionalDependencies:
      '@types/react': 19.2.18
